{
    "name": "tree-sitter-lox",
    "version": "0.0.1",
    "lockfileVersion": 2,
    "requires": true,
    "packages": {
        "": {
            "name": "tree-sitter-lox",
            "version": "0.0.1",
            "dependencies": {
                "nan": "^2.12.1"
            },
            "devDependencies": {
                "tree-sitter-cli": "^0.20.0"
            }
        },
        "node_modules/nan": {
            "version": "2.15.0",
            "resolved": "https://registry.nlark.com/nan/download/nan-2.15.0.tgz",
            "integrity": "sha1-PzSkc/8Y4VwbVia2KQO1rW5mX+4="
        },
        "node_modules/tree-sitter-cli": {
            "version": "0.20.0",
            "resolved": "https://registry.nlark.com/tree-sitter-cli/download/tree-sitter-cli-0.20.0.tgz",
            "integrity": "sha1-/qqhHH7PRKbiNqoeKWO4XQRdM8w=",
            "dev": true,
            "bin": {
                "tree-sitter": "cli.js"
            }
        }
    },
    "dependencies": {
        "nan": {
            "version": "2.15.0",
            "resolved": "https://registry.nlark.com/nan/download/nan-2.15.0.tgz",
            "integrity": "sha1-PzSkc/8Y4VwbVia2KQO1rW5mX+4="
        },
        "tree-sitter-cli": {
            "version": "0.20.0",
            "resolved": "https://registry.nlark.com/tree-sitter-cli/download/tree-sitter-cli-0.20.0.tgz",
            "integrity": "sha1-/qqhHH7PRKbiNqoeKWO4XQRdM8w=",
            "dev": true
        }
    }
}
